
Microsoft Visual Studio Solution File, Format Version 12.00
# Visual Studio Version 17
VisualStudioVersion = 17.6.33815.320
MinimumVisualStudioVersion = 10.0.40219.1
Project("{FAE04EC0-301F-11D3-BF4B-00C04F79EFBC}") = "DesafioIdealSoft", "DesafioIdealSoft.csproj", "{B249413F-6F4E-4A68-A6BD-CA24CF4B0A20}"
EndProject
Global
	GlobalSection(SolutionConfigurationPlatforms) = preSolution
		Debug|Any CPU = Debug|Any CPU
		Release|Any CPU = Release|Any CPU
	EndGlobalSection
	GlobalSection(ProjectConfigurationPlatforms) = postSolution
		{B249413F-6F4E-4A68-A6BD-CA24CF4B0A20}.Debug|Any CPU.ActiveCfg = Debug|Any CPU
		{B249413F-6F4E-4A68-A6BD-CA24CF4B0A20}.Debug|Any CPU.Build.0 = Debug|Any CPU
		{B249413F-6F4E-4A68-A6BD-CA24CF4B0A20}.Release|Any CPU.ActiveCfg = Release|Any CPU
		{B249413F-6F4E-4A68-A6BD-CA24CF4B0A20}.Release|Any CPU.Build.0 = Release|Any CPU
	EndGlobalSection
	GlobalSection(SolutionProperties) = preSolution
		HideSolutionNode = FALSE
	EndGlobalSection
	GlobalSection(ExtensibilityGlobals) = postSolution
		SolutionGuid = {B24BF307-8271-4776-B6C5-5C4CA06E75C6}
	EndGlobalSection
EndGlobal
